
Microsoft Visual Studio Solution File, Format Version 12.00
# Visual Studio Version 16
VisualStudioVersion = 16.0.30320.27
MinimumVisualStudioVersion = 10.0.40219.1
Project("{9A19103F-16F7-4668-BE54-9A1E7A4F7556}") = "StBarnabasHospiceTable.Server", "StBarnabasHospiceTable\Server\StBarnabasHospiceTable.Server.csproj", "{C6A11E2A-66D9-4F9F-9748-B2F45A2E8515}"
EndProject
Project("{9A19103F-16F7-4668-BE54-9A1E7A4F7556}") = "StBarnabasHospiceTable.Client", "StBarnabasHospiceTable\Client\StBarnabasHospiceTable.Client.csproj", "{D1E6B722-52FE-420D-ACF8-1086D4F26002}"
EndProject
Project("{9A19103F-16F7-4668-BE54-9A1E7A4F7556}") = "StBarnabasHospiceTable.Shared", "StBarnabasHospiceTable\Shared\StBarnabasHospiceTable.Shared.csproj", "{9BDB28DF-6ED8-482E-A5E3-A641BDF3F665}"
EndProject
Project("{9A19103F-16F7-4668-BE54-9A1E7A4F7556}") = "StBarnabasHospiceTable.Client.Tests", "StBarnabasHospiceTable.Client.Tests\StBarnabasHospiceTable.Client.Tests.csproj", "{0281DCA3-C34A-4C97-B5BD-7DEB24A5DFDD}"
EndProject
Global
	GlobalSection(SolutionConfigurationPlatforms) = preSolution
		Debug|Any CPU = Debug|Any CPU
		Release|Any CPU = Release|Any CPU
	EndGlobalSection
	GlobalSection(ProjectConfigurationPlatforms) = postSolution
		{C6A11E2A-66D9-4F9F-9748-B2F45A2E8515}.Debug|Any CPU.ActiveCfg = Debug|Any CPU
		{C6A11E2A-66D9-4F9F-9748-B2F45A2E8515}.Debug|Any CPU.Build.0 = Debug|Any CPU
		{C6A11E2A-66D9-4F9F-9748-B2F45A2E8515}.Release|Any CPU.ActiveCfg = Release|Any CPU
		{C6A11E2A-66D9-4F9F-9748-B2F45A2E8515}.Release|Any CPU.Build.0 = Release|Any CPU
		{D1E6B722-52FE-420D-ACF8-1086D4F26002}.Debug|Any CPU.ActiveCfg = Debug|Any CPU
		{D1E6B722-52FE-420D-ACF8-1086D4F26002}.Debug|Any CPU.Build.0 = Debug|Any CPU
		{D1E6B722-52FE-420D-ACF8-1086D4F26002}.Release|Any CPU.ActiveCfg = Release|Any CPU
		{D1E6B722-52FE-420D-ACF8-1086D4F26002}.Release|Any CPU.Build.0 = Release|Any CPU
		{9BDB28DF-6ED8-482E-A5E3-A641BDF3F665}.Debug|Any CPU.ActiveCfg = Debug|Any CPU
		{9BDB28DF-6ED8-482E-A5E3-A641BDF3F665}.Debug|Any CPU.Build.0 = Debug|Any CPU
		{9BDB28DF-6ED8-482E-A5E3-A641BDF3F665}.Release|Any CPU.ActiveCfg = Release|Any CPU
		{9BDB28DF-6ED8-482E-A5E3-A641BDF3F665}.Release|Any CPU.Build.0 = Release|Any CPU
		{0281DCA3-C34A-4C97-B5BD-7DEB24A5DFDD}.Debug|Any CPU.ActiveCfg = Debug|Any CPU
		{0281DCA3-C34A-4C97-B5BD-7DEB24A5DFDD}.Debug|Any CPU.Build.0 = Debug|Any CPU
		{0281DCA3-C34A-4C97-B5BD-7DEB24A5DFDD}.Release|Any CPU.ActiveCfg = Release|Any CPU
		{0281DCA3-C34A-4C97-B5BD-7DEB24A5DFDD}.Release|Any CPU.Build.0 = Release|Any CPU
	EndGlobalSection
	GlobalSection(SolutionProperties) = preSolution
		HideSolutionNode = FALSE
	EndGlobalSection
	GlobalSection(ExtensibilityGlobals) = postSolution
		SolutionGuid = {1A76A077-8DD2-4ECA-971B-1D8FD1A7C5DA}
	EndGlobalSection
EndGlobal
