
Microsoft Visual Studio Solution File, Format Version 12.00
# Visual Studio Version 16
VisualStudioVersion = 16.0.30320.27
MinimumVisualStudioVersion = 10.0.40219.1
Project("{9A19103F-16F7-4668-BE54-9A1E7A4F7556}") = "StBarnabasHospice.Server", "StBarnabasHospice\Server\StBarnabasHospice.Server.csproj", "{458345F2-AF7E-4A4F-A611-6B66ACFA3DDE}"
EndProject
Project("{9A19103F-16F7-4668-BE54-9A1E7A4F7556}") = "StBarnabasHospice.Client", "StBarnabasHospice\Client\StBarnabasHospice.Client.csproj", "{69F8CAEC-8723-4579-8ABD-6C429DF86F99}"
EndProject
Project("{9A19103F-16F7-4668-BE54-9A1E7A4F7556}") = "StBarnabasHospice.Shared", "StBarnabasHospice\Shared\StBarnabasHospice.Shared.csproj", "{71ABC23B-F327-4895-992F-266341B9EA3F}"
EndProject
Global
	GlobalSection(SolutionConfigurationPlatforms) = preSolution
		Debug|Any CPU = Debug|Any CPU
		Release|Any CPU = Release|Any CPU
	EndGlobalSection
	GlobalSection(ProjectConfigurationPlatforms) = postSolution
		{458345F2-AF7E-4A4F-A611-6B66ACFA3DDE}.Debug|Any CPU.ActiveCfg = Debug|Any CPU
		{458345F2-AF7E-4A4F-A611-6B66ACFA3DDE}.Debug|Any CPU.Build.0 = Debug|Any CPU
		{458345F2-AF7E-4A4F-A611-6B66ACFA3DDE}.Release|Any CPU.ActiveCfg = Release|Any CPU
		{458345F2-AF7E-4A4F-A611-6B66ACFA3DDE}.Release|Any CPU.Build.0 = Release|Any CPU
		{69F8CAEC-8723-4579-8ABD-6C429DF86F99}.Debug|Any CPU.ActiveCfg = Debug|Any CPU
		{69F8CAEC-8723-4579-8ABD-6C429DF86F99}.Debug|Any CPU.Build.0 = Debug|Any CPU
		{69F8CAEC-8723-4579-8ABD-6C429DF86F99}.Release|Any CPU.ActiveCfg = Release|Any CPU
		{69F8CAEC-8723-4579-8ABD-6C429DF86F99}.Release|Any CPU.Build.0 = Release|Any CPU
		{71ABC23B-F327-4895-992F-266341B9EA3F}.Debug|Any CPU.ActiveCfg = Debug|Any CPU
		{71ABC23B-F327-4895-992F-266341B9EA3F}.Debug|Any CPU.Build.0 = Debug|Any CPU
		{71ABC23B-F327-4895-992F-266341B9EA3F}.Release|Any CPU.ActiveCfg = Release|Any CPU
		{71ABC23B-F327-4895-992F-266341B9EA3F}.Release|Any CPU.Build.0 = Release|Any CPU
	EndGlobalSection
	GlobalSection(SolutionProperties) = preSolution
		HideSolutionNode = FALSE
	EndGlobalSection
	GlobalSection(ExtensibilityGlobals) = postSolution
		SolutionGuid = {1A76A077-8DD2-4ECA-971B-1D8FD1A7C5DA}
	EndGlobalSection
EndGlobal
